<?xml version="1.0" encoding="utf-8"?>
<Project ToolsVersion="4.0" xmlns="http://schemas.microsoft.com/developer/msbuild/2003">
  <ItemGroup>
    <Filter Include="interface">
      <UniqueIdentifier>{8c179076-4619-48c9-a234-7d49ee4bb437}</UniqueIdentifier>
    </Filter>
  </ItemGroup>
  <ItemGroup>
    <ClInclude Include="..\..\..\interface\type_define.h">
      <Filter>interface</Filter>
    </ClInclude>
  </ItemGroup>
</Project>